
Microsoft Visual Studio Solution File, Format Version 12.00
# Visual Studio 2013
VisualStudioVersion = 12.0.31101.0
MinimumVisualStudioVersion = 10.0.40219.1
Project("{FAE04EC0-301F-11D3-BF4B-00C04F79EFBC}") = "The72Network", "The72Network\The72Network.csproj", "{FC269444-F71A-4D00-8CFA-0DC15C7B00CA}"
EndProject
Global
	GlobalSection(SolutionConfigurationPlatforms) = preSolution
		Debug|Any CPU = Debug|Any CPU
		Release|Any CPU = Release|Any CPU
	EndGlobalSection
	GlobalSection(ProjectConfigurationPlatforms) = postSolution
		{FC269444-F71A-4D00-8CFA-0DC15C7B00CA}.Debug|Any CPU.ActiveCfg = Debug|Any CPU
		{FC269444-F71A-4D00-8CFA-0DC15C7B00CA}.Debug|Any CPU.Build.0 = Debug|Any CPU
		{FC269444-F71A-4D00-8CFA-0DC15C7B00CA}.Release|Any CPU.ActiveCfg = Release|Any CPU
		{FC269444-F71A-4D00-8CFA-0DC15C7B00CA}.Release|Any CPU.Build.0 = Release|Any CPU
	EndGlobalSection
	GlobalSection(SolutionProperties) = preSolution
		HideSolutionNode = FALSE
	EndGlobalSection
EndGlobal
